// !$*UTF8*$!
{
	archiveVersion = 1;
	classes = {
	};
	objectVersion = 56;
	objects = {

/* Begin PBXBuildFile section */
		1E0573C02C1E050400FCB36B /* PDFStringsModel.swift in Sources */ = {isa = PBXBuildFile; fileRef = 1E0573BF2C1E050400FCB36B /* PDFStringsModel.swift */; };
		1E7A2FDF2C1D2D0400185E39 /* Coordinator.swift in Sources */ = {isa = PBXBuildFile; fileRef = 1E7A2FDE2C1D2D0400185E39 /* Coordinator.swift */; };
		1E7F02522C1C8F3500209D23 /* PDFTextExtractorApp.swift in Sources */ = {isa = PBXBuildFile; fileRef = 1E7F02512C1C8F3500209D23 /* PDFTextExtractorApp.swift */; };
		1E7F02542C1C8F3500209D23 /* ContentView.swift in Sources */ = {isa = PBXBuildFile; fileRef = 1E7F02532C1C8F3500209D23 /* ContentView.swift */; };
		1E7F02562C1C8F3600209D23 /* Assets.xcassets in Resources */ = {isa = PBXBuildFile; fileRef = 1E7F02552C1C8F3600209D23 /* Assets.xcassets */; };
		1E7F02592C1C8F3600209D23 /* Preview Assets.xcassets in Resources */ = {isa = PBXBuildFile; fileRef = 1E7F02582C1C8F3600209D23 /* Preview Assets.xcassets */; };
		1E7F02642C1C8F3600209D23 /* PDFTextExtractorTests.swift in Sources */ = {isa = PBXBuildFile; fileRef = 1E7F02632C1C8F3600209D23 /* PDFTextExtractorTests.swift */; };
		1E7F026E2C1C8F3600209D23 /* PDFTextExtractorUITests.swift in Sources */ = {isa = PBXBuildFile; fileRef = 1E7F026D2C1C8F3600209D23 /* PDFTextExtractorUITests.swift */; };
		1E7F02702C1C8F3600209D23 /* PDFTextExtractorUITestsLaunchTests.swift in Sources */ = {isa = PBXBuildFile; fileRef = 1E7F026F2C1C8F3600209D23 /* PDFTextExtractorUITestsLaunchTests.swift */; };
		1E7F02802C1C992B00209D23 /* PDFKitView.swift in Sources */ = {isa = PBXBuildFile; fileRef = 1E7F027F2C1C992B00209D23 /* PDFKitView.swift */; };
		1E7F02822C1CA02E00209D23 /* PDFDragDropView.swift in Sources */ = {isa = PBXBuildFile; fileRef = 1E7F02812C1CA02E00209D23 /* PDFDragDropView.swift */; };
		1E7F02862C1CA72000209D23 /* PDFStringsView.swift in Sources */ = {isa = PBXBuildFile; fileRef = 1E7F02852C1CA72000209D23 /* PDFStringsView.swift */; };
/* End PBXBuildFile section */

/* Begin PBXContainerItemProxy section */
		1E7F02602C1C8F3600209D23 /* PBXContainerItemProxy */ = {
			isa = PBXContainerItemProxy;
			containerPortal = 1E7F02462C1C8F3500209D23 /* Project object */;
			proxyType = 1;
			remoteGlobalIDString = 1E7F024D2C1C8F3500209D23;
			remoteInfo = PDFTextExtractor;
		};
		1E7F026A2C1C8F3600209D23 /* PBXContainerItemProxy */ = {
			isa = PBXContainerItemProxy;
			containerPortal = 1E7F02462C1C8F3500209D23 /* Project object */;
			proxyType = 1;
			remoteGlobalIDString = 1E7F024D2C1C8F3500209D23;
			remoteInfo = PDFTextExtractor;
		};
/* End PBXContainerItemProxy section */

/* Begin PBXFileReference section */
		1E0573BF2C1E050400FCB36B /* PDFStringsModel.swift */ = {isa = PBXFileReference; lastKnownFileType = sourcecode.swift; path = PDFStringsModel.swift; sourceTree = "<group>"; };
		1E7A2FDE2C1D2D0400185E39 /* Coordinator.swift */ = {isa = PBXFileReference; lastKnownFileType = sourcecode.swift; path = Coordinator.swift; sourceTree = "<group>"; };
		1E7F024E2C1C8F3500209D23 /* PDFTextExtractor.app */ = {isa = PBXFileReference; explicitFileType = wrapper.application; includeInIndex = 0; path = PDFTextExtractor.app; sourceTree = BUILT_PRODUCTS_DIR; };
		1E7F02512C1C8F3500209D23 /* PDFTextExtractorApp.swift */ = {isa = PBXFileReference; lastKnownFileType = sourcecode.swift; path = PDFTextExtractorApp.swift; sourceTree = "<group>"; };
		1E7F02532C1C8F3500209D23 /* ContentView.swift */ = {isa = PBXFileReference; lastKnownFileType = sourcecode.swift; path = ContentView.swift; sourceTree = "<group>"; };
		1E7F02552C1C8F3600209D23 /* Assets.xcassets */ = {isa = PBXFileReference; lastKnownFileType = folder.assetcatalog; path = Assets.xcassets; sourceTree = "<group>"; };
		1E7F02582C1C8F3600209D23 /* Preview Assets.xcassets */ = {isa = PBXFileReference; lastKnownFileType = folder.assetcatalog; path = "Preview Assets.xcassets"; sourceTree = "<group>"; };
		1E7F025A2C1C8F3600209D23 /* PDFTextExtractor.entitlements */ = {isa = PBXFileReference; lastKnownFileType = text.plist.entitlements; path = PDFTextExtractor.entitlements; sourceTree = "<group>"; };
		1E7F025F2C1C8F3600209D23 /* PDFTextExtractorTests.xctest */ = {isa = PBXFileReference; explicitFileType = wrapper.cfbundle; includeInIndex = 0; path = PDFTextExtractorTests.xctest; sourceTree = BUILT_PRODUCTS_DIR; };
		1E7F02632C1C8F3600209D23 /* PDFTextExtractorTests.swift */ = {isa = PBXFileReference; lastKnownFileType = sourcecode.swift; path = PDFTextExtractorTests.swift; sourceTree = "<group>"; };
		1E7F02692C1C8F3600209D23 /* PDFTextExtractorUITests.xctest */ = {isa = PBXFileReference; explicitFileType = wrapper.cfbundle; includeInIndex = 0; path = PDFTextExtractorUITests.xctest; sourceTree = BUILT_PRODUCTS_DIR; };
		1E7F026D2C1C8F3600209D23 /* PDFTextExtractorUITests.swift */ = {isa = PBXFileReference; lastKnownFileType = sourcecode.swift; path = PDFTextExtractorUITests.swift; sourceTree = "<group>"; };
		1E7F026F2C1C8F3600209D23 /* PDFTextExtractorUITestsLaunchTests.swift */ = {isa = PBXFileReference; lastKnownFileType = sourcecode.swift; path = PDFTextExtractorUITestsLaunchTests.swift; sourceTree = "<group>"; };
		1E7F027F2C1C992B00209D23 /* PDFKitView.swift */ = {isa = PBXFileReference; lastKnownFileType = sourcecode.swift; path = PDFKitView.swift; sourceTree = "<group>"; };
		1E7F02812C1CA02E00209D23 /* PDFDragDropView.swift */ = {isa = PBXFileReference; lastKnownFileType = sourcecode.swift; path = PDFDragDropView.swift; sourceTree = "<group>"; };
		1E7F02852C1CA72000209D23 /* PDFStringsView.swift */ = {isa = PBXFileReference; lastKnownFileType = sourcecode.swift; path = PDFStringsView.swift; sourceTree = "<group>"; };
/* End PBXFileReference section */

/* Begin PBXFrameworksBuildPhase section */
		1E7F024B2C1C8F3500209D23 /* Frameworks */ = {
			isa = PBXFrameworksBuildPhase;
			buildActionMask = 2147483647;
			files = (
			);
			runOnlyForDeploymentPostprocessing = 0;
		};
		1E7F025C2C1C8F3600209D23 /* Frameworks */ = {
			isa = PBXFrameworksBuildPhase;
			buildActionMask = 2147483647;
			files = (
			);
			runOnlyForDeploymentPostprocessing = 0;
		};
		1E7F02662C1C8F3600209D23 /* Frameworks */ = {
			isa = PBXFrameworksBuildPhase;
			buildActionMask = 2147483647;
			files = (
			);
			runOnlyForDeploymentPostprocessing = 0;
		};
/* End PBXFrameworksBuildPhase section */

/* Begin PBXGroup section */
		1E0573BE2C1E044100FCB36B /* Main */ = {
			isa = PBXGroup;
			children = (
				1E7F02512C1C8F3500209D23 /* PDFTextExtractorApp.swift */,
				1E7F02532C1C8F3500209D23 /* ContentView.swift */,
			);
			path = Main;
			sourceTree = "<group>";
		};
		1E0573C12C1E0EF800FCB36B /* Settings */ = {
			isa = PBXGroup;
			children = (
			);
			path = Settings;
			sourceTree = "<group>";
		};
		1E7A2FDD2C1D2CF300185E39 /* Coordinator */ = {
			isa = PBXGroup;
			children = (
				1E7A2FDE2C1D2D0400185E39 /* Coordinator.swift */,
			);
			path = Coordinator;
			sourceTree = "<group>";
		};
		1E7F02452C1C8F3500209D23 = {
			isa = PBXGroup;
			children = (
				1E7F02502C1C8F3500209D23 /* PDFTextExtractor */,
				1E7F02622C1C8F3600209D23 /* PDFTextExtractorTests */,
				1E7F026C2C1C8F3600209D23 /* PDFTextExtractorUITests */,
				1E7F024F2C1C8F3500209D23 /* Products */,
			);
			sourceTree = "<group>";
		};
		1E7F024F2C1C8F3500209D23 /* Products */ = {
			isa = PBXGroup;
			children = (
				1E7F024E2C1C8F3500209D23 /* PDFTextExtractor.app */,
				1E7F025F2C1C8F3600209D23 /* PDFTextExtractorTests.xctest */,
				1E7F02692C1C8F3600209D23 /* PDFTextExtractorUITests.xctest */,
			);
			name = Products;
			sourceTree = "<group>";
		};
		1E7F02502C1C8F3500209D23 /* PDFTextExtractor */ = {
			isa = PBXGroup;
			children = (
				1E0573BE2C1E044100FCB36B /* Main */,
				1E7A2FDD2C1D2CF300185E39 /* Coordinator */,
				1E7F02832C1CA70900209D23 /* Strings */,
				1E7F027C2C1C90CE00209D23 /* PDF */,
				1E0573C12C1E0EF800FCB36B /* Settings */,
				1E7F02552C1C8F3600209D23 /* Assets.xcassets */,
				1E7F025A2C1C8F3600209D23 /* PDFTextExtractor.entitlements */,
				1E7F02572C1C8F3600209D23 /* Preview Content */,
			);
			path = PDFTextExtractor;
			sourceTree = "<group>";
		};
		1E7F02572C1C8F3600209D23 /* Preview Content */ = {
			isa = PBXGroup;
			children = (
				1E7F02582C1C8F3600209D23 /* Preview Assets.xcassets */,
			);
			path = "Preview Content";
			sourceTree = "<group>";
		};
		1E7F02622C1C8F3600209D23 /* PDFTextExtractorTests */ = {
			isa = PBXGroup;
			children = (
				1E7F02632C1C8F3600209D23 /* PDFTextExtractorTests.swift */,
			);
			path = PDFTextExtractorTests;
			sourceTree = "<group>";
		};
		1E7F026C2C1C8F3600209D23 /* PDFTextExtractorUITests */ = {
			isa = PBXGroup;
			children = (
				1E7F026D2C1C8F3600209D23 /* PDFTextExtractorUITests.swift */,
				1E7F026F2C1C8F3600209D23 /* PDFTextExtractorUITestsLaunchTests.swift */,
			);
			path = PDFTextExtractorUITests;
			sourceTree = "<group>";
		};
		1E7F027C2C1C90CE00209D23 /* PDF */ = {
			isa = PBXGroup;
			children = (
				1E7F027F2C1C992B00209D23 /* PDFKitView.swift */,
				1E7F02812C1CA02E00209D23 /* PDFDragDropView.swift */,
			);
			path = PDF;
			sourceTree = "<group>";
		};
		1E7F02832C1CA70900209D23 /* Strings */ = {
			isa = PBXGroup;
			children = (
				1E7F02852C1CA72000209D23 /* PDFStringsView.swift */,
				1E0573BF2C1E050400FCB36B /* PDFStringsModel.swift */,
			);
			path = Strings;
			sourceTree = "<group>";
		};
/* End PBXGroup section */

/* Begin PBXNativeTarget section */
		1E7F024D2C1C8F3500209D23 /* PDFTextExtractor */ = {
			isa = PBXNativeTarget;
			buildConfigurationList = 1E7F02732C1C8F3600209D23 /* Build configuration list for PBXNativeTarget "PDFTextExtractor" */;
			buildPhases = (
				1E7F024A2C1C8F3500209D23 /* Sources */,
				1E7F024B2C1C8F3500209D23 /* Frameworks */,
				1E7F024C2C1C8F3500209D23 /* Resources */,
			);
			buildRules = (
			);
			dependencies = (
			);
			name = PDFTextExtractor;
			productName = PDFTextExtractor;
			productReference = 1E7F024E2C1C8F3500209D23 /* PDFTextExtractor.app */;
			productType = "com.apple.product-type.application";
		};
		1E7F025E2C1C8F3600209D23 /* PDFTextExtractorTests */ = {
			isa = PBXNativeTarget;
			buildConfigurationList = 1E7F02762C1C8F3600209D23 /* Build configuration list for PBXNativeTarget "PDFTextExtractorTests" */;
			buildPhases = (
				1E7F025B2C1C8F3600209D23 /* Sources */,
				1E7F025C2C1C8F3600209D23 /* Frameworks */,
				1E7F025D2C1C8F3600209D23 /* Resources */,
			);
			buildRules = (
			);
			dependencies = (
				1E7F02612C1C8F3600209D23 /* PBXTargetDependency */,
			);
			name = PDFTextExtractorTests;
			productName = PDFTextExtractorTests;
			productReference = 1E7F025F2C1C8F3600209D23 /* PDFTextExtractorTests.xctest */;
			productType = "com.apple.product-type.bundle.unit-test";
		};
		1E7F02682C1C8F3600209D23 /* PDFTextExtractorUITests */ = {
			isa = PBXNativeTarget;
			buildConfigurationList = 1E7F02792C1C8F3600209D23 /* Build configuration list for PBXNativeTarget "PDFTextExtractorUITests" */;
			buildPhases = (
				1E7F02652C1C8F3600209D23 /* Sources */,
				1E7F02662C1C8F3600209D23 /* Frameworks */,
				1E7F02672C1C8F3600209D23 /* Resources */,
			);
			buildRules = (
			);
			dependencies = (
				1E7F026B2C1C8F3600209D23 /* PBXTargetDependency */,
			);
			name = PDFTextExtractorUITests;
			productName = PDFTextExtractorUITests;
			productReference = 1E7F02692C1C8F3600209D23 /* PDFTextExtractorUITests.xctest */;
			productType = "com.apple.product-type.bundle.ui-testing";
		};
/* End PBXNativeTarget section */

/* Begin PBXProject section */
		1E7F02462C1C8F3500209D23 /* Project object */ = {
			isa = PBXProject;
			attributes = {
				BuildIndependentTargetsInParallel = 1;
				LastSwiftUpdateCheck = 1540;
				LastUpgradeCheck = 1540;
				TargetAttributes = {
					1E7F024D2C1C8F3500209D23 = {
						CreatedOnToolsVersion = 15.4;
					};
					1E7F025E2C1C8F3600209D23 = {
						CreatedOnToolsVersion = 15.4;
						TestTargetID = 1E7F024D2C1C8F3500209D23;
					};
					1E7F02682C1C8F3600209D23 = {
						CreatedOnToolsVersion = 15.4;
						TestTargetID = 1E7F024D2C1C8F3500209D23;
					};
				};
			};
			buildConfigurationList = 1E7F02492C1C8F3500209D23 /* Build configuration list for PBXProject "PDFTextExtractor" */;
			compatibilityVersion = "Xcode 14.0";
			developmentRegion = en;
			hasScannedForEncodings = 0;
			knownRegions = (
				en,
				Base,
			);
			mainGroup = 1E7F02452C1C8F3500209D23;
			productRefGroup = 1E7F024F2C1C8F3500209D23 /* Products */;
			projectDirPath = "";
			projectRoot = "";
			targets = (
				1E7F024D2C1C8F3500209D23 /* PDFTextExtractor */,
				1E7F025E2C1C8F3600209D23 /* PDFTextExtractorTests */,
				1E7F02682C1C8F3600209D23 /* PDFTextExtractorUITests */,
			);
		};
/* End PBXProject section */

/* Begin PBXResourcesBuildPhase section */
		1E7F024C2C1C8F3500209D23 /* Resources */ = {
			isa = PBXResourcesBuildPhase;
			buildActionMask = 2147483647;
			files = (
				1E7F02592C1C8F3600209D23 /* Preview Assets.xcassets in Resources */,
				1E7F02562C1C8F3600209D23 /* Assets.xcassets in Resources */,
			);
			runOnlyForDeploymentPostprocessing = 0;
		};
		1E7F025D2C1C8F3600209D23 /* Resources */ = {
			isa = PBXResourcesBuildPhase;
			buildActionMask = 2147483647;
			files = (
			);
			runOnlyForDeploymentPostprocessing = 0;
		};
		1E7F02672C1C8F3600209D23 /* Resources */ = {
			isa = PBXResourcesBuildPhase;
			buildActionMask = 2147483647;
			files = (
			);
			runOnlyForDeploymentPostprocessing = 0;
		};
/* End PBXResourcesBuildPhase section */

/* Begin PBXSourcesBuildPhase section */
		1E7F024A2C1C8F3500209D23 /* Sources */ = {
			isa = PBXSourcesBuildPhase;
			buildActionMask = 2147483647;
			files = (
				1E7F02822C1CA02E00209D23 /* PDFDragDropView.swift in Sources */,
				1E7F02802C1C992B00209D23 /* PDFKitView.swift in Sources */,
				1E7A2FDF2C1D2D0400185E39 /* Coordinator.swift in Sources */,
				1E0573C02C1E050400FCB36B /* PDFStringsModel.swift in Sources */,
				1E7F02542C1C8F3500209D23 /* ContentView.swift in Sources */,
				1E7F02862C1CA72000209D23 /* PDFStringsView.swift in Sources */,
				1E7F02522C1C8F3500209D23 /* PDFTextExtractorApp.swift in Sources */,
			);
			runOnlyForDeploymentPostprocessing = 0;
		};
		1E7F025B2C1C8F3600209D23 /* Sources */ = {
			isa = PBXSourcesBuildPhase;
			buildActionMask = 2147483647;
			files = (
				1E7F02642C1C8F3600209D23 /* PDFTextExtractorTests.swift in Sources */,
			);
			runOnlyForDeploymentPostprocessing = 0;
		};
		1E7F02652C1C8F3600209D23 /* Sources */ = {
			isa = PBXSourcesBuildPhase;
			buildActionMask = 2147483647;
			files = (
				1E7F026E2C1C8F3600209D23 /* PDFTextExtractorUITests.swift in Sources */,
				1E7F02702C1C8F3600209D23 /* PDFTextExtractorUITestsLaunchTests.swift in Sources */,
			);
			runOnlyForDeploymentPostprocessing = 0;
		};
/* End PBXSourcesBuildPhase section */

/* Begin PBXTargetDependency section */
		1E7F02612C1C8F3600209D23 /* PBXTargetDependency */ = {
			isa = PBXTargetDependency;
			target = 1E7F024D2C1C8F3500209D23 /* PDFTextExtractor */;
			targetProxy = 1E7F02602C1C8F3600209D23 /* PBXContainerItemProxy */;
		};
		1E7F026B2C1C8F3600209D23 /* PBXTargetDependency */ = {
			isa = PBXTargetDependency;
			target = 1E7F024D2C1C8F3500209D23 /* PDFTextExtractor */;
			targetProxy = 1E7F026A2C1C8F3600209D23 /* PBXContainerItemProxy */;
		};
/* End PBXTargetDependency section */

/* Begin XCBuildConfiguration section */
		1E7F02712C1C8F3600209D23 /* Debug */ = {
			isa = XCBuildConfiguration;
			buildSettings = {
				ALWAYS_SEARCH_USER_PATHS = NO;
				ASSETCATALOG_COMPILER_GENERATE_SWIFT_ASSET_SYMBOL_EXTENSIONS = YES;
				CLANG_ANALYZER_NONNULL = YES;
				CLANG_ANALYZER_NUMBER_OBJECT_CONVERSION = YES_AGGRESSIVE;
				CLANG_CXX_LANGUAGE_STANDARD = "gnu++20";
				CLANG_ENABLE_MODULES = YES;
				CLANG_ENABLE_OBJC_ARC = YES;
				CLANG_ENABLE_OBJC_WEAK = YES;
				CLANG_WARN_BLOCK_CAPTURE_AUTORELEASING = YES;
				CLANG_WARN_BOOL_CONVERSION = YES;
				CLANG_WARN_COMMA = YES;
				CLANG_WARN_CONSTANT_CONVERSION = YES;
				CLANG_WARN_DEPRECATED_OBJC_IMPLEMENTATIONS = YES;
				CLANG_WARN_DIRECT_OBJC_ISA_USAGE = YES_ERROR;
				CLANG_WARN_DOCUMENTATION_COMMENTS = YES;
				CLANG_WARN_EMPTY_BODY = YES;
				CLANG_WARN_ENUM_CONVERSION = YES;
				CLANG_WARN_INFINITE_RECURSION = YES;
				CLANG_WARN_INT_CONVERSION = YES;
				CLANG_WARN_NON_LITERAL_NULL_CONVERSION = YES;
				CLANG_WARN_OBJC_IMPLICIT_RETAIN_SELF = YES;
				CLANG_WARN_OBJC_LITERAL_CONVERSION = YES;
				CLANG_WARN_OBJC_ROOT_CLASS = YES_ERROR;
				CLANG_WARN_QUOTED_INCLUDE_IN_FRAMEWORK_HEADER = YES;
				CLANG_WARN_RANGE_LOOP_ANALYSIS = YES;
				CLANG_WARN_STRICT_PROTOTYPES = YES;
				CLANG_WARN_SUSPICIOUS_MOVE = YES;
				CLANG_WARN_UNGUARDED_AVAILABILITY = YES_AGGRESSIVE;
				CLANG_WARN_UNREACHABLE_CODE = YES;
				CLANG_WARN__DUPLICATE_METHOD_MATCH = YES;
				COPY_PHASE_STRIP = NO;
				DEBUG_INFORMATION_FORMAT = dwarf;
				ENABLE_STRICT_OBJC_MSGSEND = YES;
				ENABLE_TESTABILITY = YES;
				ENABLE_USER_SCRIPT_SANDBOXING = YES;
				GCC_C_LANGUAGE_STANDARD = gnu17;
				GCC_DYNAMIC_NO_PIC = NO;
				GCC_NO_COMMON_BLOCKS = YES;
				GCC_OPTIMIZATION_LEVEL = 0;
				GCC_PREPROCESSOR_DEFINITIONS = (
					"DEBUG=1",
					"$(inherited)",
				);
				GCC_WARN_64_TO_32_BIT_CONVERSION = YES;
				GCC_WARN_ABOUT_RETURN_TYPE = YES_ERROR;
				GCC_WARN_UNDECLARED_SELECTOR = YES;
				GCC_WARN_UNINITIALIZED_AUTOS = YES_AGGRESSIVE;
				GCC_WARN_UNUSED_FUNCTION = YES;
				GCC_WARN_UNUSED_VARIABLE = YES;
				LOCALIZATION_PREFERS_STRING_CATALOGS = YES;
				MACOSX_DEPLOYMENT_TARGET = 14.5;
				MTL_ENABLE_DEBUG_INFO = INCLUDE_SOURCE;
				MTL_FAST_MATH = YES;
				ONLY_ACTIVE_ARCH = YES;
				SDKROOT = macosx;
				SWIFT_ACTIVE_COMPILATION_CONDITIONS = "DEBUG $(inherited)";
				SWIFT_OPTIMIZATION_LEVEL = "-Onone";
			};
			name = Debug;
		};
		1E7F02722C1C8F3600209D23 /* Release */ = {
			isa = XCBuildConfiguration;
			buildSettings = {
				ALWAYS_SEARCH_USER_PATHS = NO;
				ASSETCATALOG_COMPILER_GENERATE_SWIFT_ASSET_SYMBOL_EXTENSIONS = YES;
				CLANG_ANALYZER_NONNULL = YES;
				CLANG_ANALYZER_NUMBER_OBJECT_CONVERSION = YES_AGGRESSIVE;
				CLANG_CXX_LANGUAGE_STANDARD = "gnu++20";
				CLANG_ENABLE_MODULES = YES;
				CLANG_ENABLE_OBJC_ARC = YES;
				CLANG_ENABLE_OBJC_WEAK = YES;
				CLANG_WARN_BLOCK_CAPTURE_AUTORELEASING = YES;
				CLANG_WARN_BOOL_CONVERSION = YES;
				CLANG_WARN_COMMA = YES;
				CLANG_WARN_CONSTANT_CONVERSION = YES;
				CLANG_WARN_DEPRECATED_OBJC_IMPLEMENTATIONS = YES;
				CLANG_WARN_DIRECT_OBJC_ISA_USAGE = YES_ERROR;
				CLANG_WARN_DOCUMENTATION_COMMENTS = YES;
				CLANG_WARN_EMPTY_BODY = YES;
				CLANG_WARN_ENUM_CONVERSION = YES;
				CLANG_WARN_INFINITE_RECURSION = YES;
				CLANG_WARN_INT_CONVERSION = YES;
				CLANG_WARN_NON_LITERAL_NULL_CONVERSION = YES;
				CLANG_WARN_OBJC_IMPLICIT_RETAIN_SELF = YES;
				CLANG_WARN_OBJC_LITERAL_CONVERSION = YES;
				CLANG_WARN_OBJC_ROOT_CLASS = YES_ERROR;
				CLANG_WARN_QUOTED_INCLUDE_IN_FRAMEWORK_HEADER = YES;
				CLANG_WARN_RANGE_LOOP_ANALYSIS = YES;
				CLANG_WARN_STRICT_PROTOTYPES = YES;
				CLANG_WARN_SUSPICIOUS_MOVE = YES;
				CLANG_WARN_UNGUARDED_AVAILABILITY = YES_AGGRESSIVE;
				CLANG_WARN_UNREACHABLE_CODE = YES;
				CLANG_WARN__DUPLICATE_METHOD_MATCH = YES;
				COPY_PHASE_STRIP = NO;
				DEBUG_INFORMATION_FORMAT = "dwarf-with-dsym";
				ENABLE_NS_ASSERTIONS = NO;
				ENABLE_STRICT_OBJC_MSGSEND = YES;
				ENABLE_USER_SCRIPT_SANDBOXING = YES;
				GCC_C_LANGUAGE_STANDARD = gnu17;
				GCC_NO_COMMON_BLOCKS = YES;
				GCC_WARN_64_TO_32_BIT_CONVERSION = YES;
				GCC_WARN_ABOUT_RETURN_TYPE = YES_ERROR;
				GCC_WARN_UNDECLARED_SELECTOR = YES;
				GCC_WARN_UNINITIALIZED_AUTOS = YES_AGGRESSIVE;
				GCC_WARN_UNUSED_FUNCTION = YES;
				GCC_WARN_UNUSED_VARIABLE = YES;
				LOCALIZATION_PREFERS_STRING_CATALOGS = YES;
				MACOSX_DEPLOYMENT_TARGET = 14.5;
				MTL_ENABLE_DEBUG_INFO = NO;
				MTL_FAST_MATH = YES;
				SDKROOT = macosx;
				SWIFT_COMPILATION_MODE = wholemodule;
			};
			name = Release;
		};
		1E7F02742C1C8F3600209D23 /* Debug */ = {
			isa = XCBuildConfiguration;
			buildSettings = {
				ASSETCATALOG_COMPILER_APPICON_NAME = AppIcon;
				ASSETCATALOG_COMPILER_GLOBAL_ACCENT_COLOR_NAME = AccentColor;
				CODE_SIGN_ENTITLEMENTS = PDFTextExtractor/PDFTextExtractor.entitlements;
				CODE_SIGN_STYLE = Automatic;
				COMBINE_HIDPI_IMAGES = YES;
				CURRENT_PROJECT_VERSION = 1;
				DEVELOPMENT_ASSET_PATHS = "\"PDFTextExtractor/Preview Content\"";
				DEVELOPMENT_TEAM = WMT59N6D68;
				ENABLE_HARDENED_RUNTIME = YES;
				ENABLE_PREVIEWS = YES;
				GENERATE_INFOPLIST_FILE = YES;
				INFOPLIST_KEY_NSHumanReadableCopyright = "";
				LD_RUNPATH_SEARCH_PATHS = (
					"$(inherited)",
					"@executable_path/../Frameworks",
				);
				MARKETING_VERSION = 1.0;
				PRODUCT_BUNDLE_IDENTIFIER = com.lslopes.PDFTextExtractor;
				PRODUCT_NAME = "$(TARGET_NAME)";
				SWIFT_EMIT_LOC_STRINGS = YES;
				SWIFT_VERSION = 5.0;
			};
			name = Debug;
		};
		1E7F02752C1C8F3600209D23 /* Release */ = {
			isa = XCBuildConfiguration;
			buildSettings = {
				ASSETCATALOG_COMPILER_APPICON_NAME = AppIcon;
				ASSETCATALOG_COMPILER_GLOBAL_ACCENT_COLOR_NAME = AccentColor;
				CODE_SIGN_ENTITLEMENTS = PDFTextExtractor/PDFTextExtractor.entitlements;
				CODE_SIGN_STYLE = Automatic;
				COMBINE_HIDPI_IMAGES = YES;
				CURRENT_PROJECT_VERSION = 1;
				DEVELOPMENT_ASSET_PATHS = "\"PDFTextExtractor/Preview Content\"";
				DEVELOPMENT_TEAM = WMT59N6D68;
				ENABLE_HARDENED_RUNTIME = YES;
				ENABLE_PREVIEWS = YES;
				GENERATE_INFOPLIST_FILE = YES;
				INFOPLIST_KEY_NSHumanReadableCopyright = "";
				LD_RUNPATH_SEARCH_PATHS = (
					"$(inherited)",
					"@executable_path/../Frameworks",
				);
				MARKETING_VERSION = 1.0;
				PRODUCT_BUNDLE_IDENTIFIER = com.lslopes.PDFTextExtractor;
				PRODUCT_NAME = "$(TARGET_NAME)";
				SWIFT_EMIT_LOC_STRINGS = YES;
				SWIFT_VERSION = 5.0;
			};
			name = Release;
		};
		1E7F02772C1C8F3600209D23 /* Debug */ = {
			isa = XCBuildConfiguration;
			buildSettings = {
				ALWAYS_EMBED_SWIFT_STANDARD_LIBRARIES = YES;
				BUNDLE_LOADER = "$(TEST_HOST)";
				CODE_SIGN_STYLE = Automatic;
				CURRENT_PROJECT_VERSION = 1;
				DEVELOPMENT_TEAM = WMT59N6D68;
				GENERATE_INFOPLIST_FILE = YES;
				MACOSX_DEPLOYMENT_TARGET = 14.5;
				MARKETING_VERSION = 1.0;
				PRODUCT_BUNDLE_IDENTIFIER = com.lslopes.PDFTextExtractorTests;
				PRODUCT_NAME = "$(TARGET_NAME)";
				SWIFT_EMIT_LOC_STRINGS = NO;
				SWIFT_VERSION = 5.0;
				TEST_HOST = "$(BUILT_PRODUCTS_DIR)/PDFTextExtractor.app/$(BUNDLE_EXECUTABLE_FOLDER_PATH)/PDFTextExtractor";
			};
			name = Debug;
		};
		1E7F02782C1C8F3600209D23 /* Release */ = {
			isa = XCBuildConfiguration;
			buildSettings = {
				ALWAYS_EMBED_SWIFT_STANDARD_LIBRARIES = YES;
				BUNDLE_LOADER = "$(TEST_HOST)";
				CODE_SIGN_STYLE = Automatic;
				CURRENT_PROJECT_VERSION = 1;
				DEVELOPMENT_TEAM = WMT59N6D68;
				GENERATE_INFOPLIST_FILE = YES;
				MACOSX_DEPLOYMENT_TARGET = 14.5;
				MARKETING_VERSION = 1.0;
				PRODUCT_BUNDLE_IDENTIFIER = com.lslopes.PDFTextExtractorTests;
				PRODUCT_NAME = "$(TARGET_NAME)";
				SWIFT_EMIT_LOC_STRINGS = NO;
				SWIFT_VERSION = 5.0;
				TEST_HOST = "$(BUILT_PRODUCTS_DIR)/PDFTextExtractor.app/$(BUNDLE_EXECUTABLE_FOLDER_PATH)/PDFTextExtractor";
			};
			name = Release;
		};
		1E7F027A2C1C8F3600209D23 /* Debug */ = {
			isa = XCBuildConfiguration;
			buildSettings = {
				ALWAYS_EMBED_SWIFT_STANDARD_LIBRARIES = YES;
				CODE_SIGN_STYLE = Automatic;
				CURRENT_PROJECT_VERSION = 1;
				DEVELOPMENT_TEAM = WMT59N6D68;
				GENERATE_INFOPLIST_FILE = YES;
				MARKETING_VERSION = 1.0;
				PRODUCT_BUNDLE_IDENTIFIER = com.lslopes.PDFTextExtractorUITests;
				PRODUCT_NAME = "$(TARGET_NAME)";
				SWIFT_EMIT_LOC_STRINGS = NO;
				SWIFT_VERSION = 5.0;
				TEST_TARGET_NAME = PDFTextExtractor;
			};
			name = Debug;
		};
		1E7F027B2C1C8F3600209D23 /* Release */ = {
			isa = XCBuildConfiguration;
			buildSettings = {
				ALWAYS_EMBED_SWIFT_STANDARD_LIBRARIES = YES;
				CODE_SIGN_STYLE = Automatic;
				CURRENT_PROJECT_VERSION = 1;
				DEVELOPMENT_TEAM = WMT59N6D68;
				GENERATE_INFOPLIST_FILE = YES;
				MARKETING_VERSION = 1.0;
				PRODUCT_BUNDLE_IDENTIFIER = com.lslopes.PDFTextExtractorUITests;
				PRODUCT_NAME = "$(TARGET_NAME)";
				SWIFT_EMIT_LOC_STRINGS = NO;
				SWIFT_VERSION = 5.0;
				TEST_TARGET_NAME = PDFTextExtractor;
			};
			name = Release;
		};
/* End XCBuildConfiguration section */

/* Begin XCConfigurationList section */
		1E7F02492C1C8F3500209D23 /* Build configuration list for PBXProject "PDFTextExtractor" */ = {
			isa = XCConfigurationList;
			buildConfigurations = (
				1E7F02712C1C8F3600209D23 /* Debug */,
				1E7F02722C1C8F3600209D23 /* Release */,
			);
			defaultConfigurationIsVisible = 0;
			defaultConfigurationName = Release;
		};
		1E7F02732C1C8F3600209D23 /* Build configuration list for PBXNativeTarget "PDFTextExtractor" */ = {
			isa = XCConfigurationList;
			buildConfigurations = (
				1E7F02742C1C8F3600209D23 /* Debug */,
				1E7F02752C1C8F3600209D23 /* Release */,
			);
			defaultConfigurationIsVisible = 0;
			defaultConfigurationName = Release;
		};
		1E7F02762C1C8F3600209D23 /* Build configuration list for PBXNativeTarget "PDFTextExtractorTests" */ = {
			isa = XCConfigurationList;
			buildConfigurations = (
				1E7F02772C1C8F3600209D23 /* Debug */,
				1E7F02782C1C8F3600209D23 /* Release */,
			);
			defaultConfigurationIsVisible = 0;
			defaultConfigurationName = Release;
		};
		1E7F02792C1C8F3600209D23 /* Build configuration list for PBXNativeTarget "PDFTextExtractorUITests" */ = {
			isa = XCConfigurationList;
			buildConfigurations = (
				1E7F027A2C1C8F3600209D23 /* Debug */,
				1E7F027B2C1C8F3600209D23 /* Release */,
			);
			defaultConfigurationIsVisible = 0;
			defaultConfigurationName = Release;
		};
/* End XCConfigurationList section */
	};
	rootObject = 1E7F02462C1C8F3500209D23 /* Project object */;
}
